
Microsoft Visual Studio Solution File, Format Version 12.00
# Visual Studio 15
VisualStudioVersion = 15.0.26730.16
MinimumVisualStudioVersion = 10.0.40219.1
Project("{FAE04EC0-301F-11D3-BF4B-00C04F79EFBC}") = "Tourney.Model", "Tourney.Model\Tourney.Model.csproj", "{7EF72C30-775E-4371-9CD7-576255760D15}"
EndProject
Project("{FAE04EC0-301F-11D3-BF4B-00C04F79EFBC}") = "Tourney.DataAccess", "Tourney.DataAccess\Tourney.DataAccess.csproj", "{6AE068D4-8DD7-4A76-9E73-6A7F6EEF71CF}"
EndProject
Project("{FAE04EC0-301F-11D3-BF4B-00C04F79EFBC}") = "Tourney.Api.Data", "Tourney.API.Data\Tourney.Api.Data.csproj", "{C63C4C72-4C7C-4311-A3C3-BA5E4A023A0E}"
EndProject
Project("{FAE04EC0-301F-11D3-BF4B-00C04F79EFBC}") = "Tourney.App", "Tourney.App\Tourney.App.csproj", "{46829D04-A0CC-46E3-B4AE-815B02FFC9AB}"
EndProject
Global
	GlobalSection(SolutionConfigurationPlatforms) = preSolution
		Debug|Any CPU = Debug|Any CPU
		Debug|ARM = Debug|ARM
		Debug|x64 = Debug|x64
		Debug|x86 = Debug|x86
		Release|Any CPU = Release|Any CPU
		Release|ARM = Release|ARM
		Release|x64 = Release|x64
		Release|x86 = Release|x86
	EndGlobalSection
	GlobalSection(ProjectConfigurationPlatforms) = postSolution
		{7EF72C30-775E-4371-9CD7-576255760D15}.Debug|Any CPU.ActiveCfg = Debug|Any CPU
		{7EF72C30-775E-4371-9CD7-576255760D15}.Debug|Any CPU.Build.0 = Debug|Any CPU
		{7EF72C30-775E-4371-9CD7-576255760D15}.Debug|ARM.ActiveCfg = Debug|Any CPU
		{7EF72C30-775E-4371-9CD7-576255760D15}.Debug|ARM.Build.0 = Debug|Any CPU
		{7EF72C30-775E-4371-9CD7-576255760D15}.Debug|x64.ActiveCfg = Debug|Any CPU
		{7EF72C30-775E-4371-9CD7-576255760D15}.Debug|x64.Build.0 = Debug|Any CPU
		{7EF72C30-775E-4371-9CD7-576255760D15}.Debug|x86.ActiveCfg = Debug|Any CPU
		{7EF72C30-775E-4371-9CD7-576255760D15}.Debug|x86.Build.0 = Debug|Any CPU
		{7EF72C30-775E-4371-9CD7-576255760D15}.Release|Any CPU.ActiveCfg = Release|Any CPU
		{7EF72C30-775E-4371-9CD7-576255760D15}.Release|Any CPU.Build.0 = Release|Any CPU
		{7EF72C30-775E-4371-9CD7-576255760D15}.Release|ARM.ActiveCfg = Release|Any CPU
		{7EF72C30-775E-4371-9CD7-576255760D15}.Release|ARM.Build.0 = Release|Any CPU
		{7EF72C30-775E-4371-9CD7-576255760D15}.Release|x64.ActiveCfg = Release|Any CPU
		{7EF72C30-775E-4371-9CD7-576255760D15}.Release|x64.Build.0 = Release|Any CPU
		{7EF72C30-775E-4371-9CD7-576255760D15}.Release|x86.ActiveCfg = Release|Any CPU
		{7EF72C30-775E-4371-9CD7-576255760D15}.Release|x86.Build.0 = Release|Any CPU
		{6AE068D4-8DD7-4A76-9E73-6A7F6EEF71CF}.Debug|Any CPU.ActiveCfg = Debug|Any CPU
		{6AE068D4-8DD7-4A76-9E73-6A7F6EEF71CF}.Debug|Any CPU.Build.0 = Debug|Any CPU
		{6AE068D4-8DD7-4A76-9E73-6A7F6EEF71CF}.Debug|ARM.ActiveCfg = Debug|Any CPU
		{6AE068D4-8DD7-4A76-9E73-6A7F6EEF71CF}.Debug|ARM.Build.0 = Debug|Any CPU
		{6AE068D4-8DD7-4A76-9E73-6A7F6EEF71CF}.Debug|x64.ActiveCfg = Debug|Any CPU
		{6AE068D4-8DD7-4A76-9E73-6A7F6EEF71CF}.Debug|x64.Build.0 = Debug|Any CPU
		{6AE068D4-8DD7-4A76-9E73-6A7F6EEF71CF}.Debug|x86.ActiveCfg = Debug|Any CPU
		{6AE068D4-8DD7-4A76-9E73-6A7F6EEF71CF}.Debug|x86.Build.0 = Debug|Any CPU
		{6AE068D4-8DD7-4A76-9E73-6A7F6EEF71CF}.Release|Any CPU.ActiveCfg = Release|Any CPU
		{6AE068D4-8DD7-4A76-9E73-6A7F6EEF71CF}.Release|Any CPU.Build.0 = Release|Any CPU
		{6AE068D4-8DD7-4A76-9E73-6A7F6EEF71CF}.Release|ARM.ActiveCfg = Release|Any CPU
		{6AE068D4-8DD7-4A76-9E73-6A7F6EEF71CF}.Release|ARM.Build.0 = Release|Any CPU
		{6AE068D4-8DD7-4A76-9E73-6A7F6EEF71CF}.Release|x64.ActiveCfg = Release|Any CPU
		{6AE068D4-8DD7-4A76-9E73-6A7F6EEF71CF}.Release|x64.Build.0 = Release|Any CPU
		{6AE068D4-8DD7-4A76-9E73-6A7F6EEF71CF}.Release|x86.ActiveCfg = Release|Any CPU
		{6AE068D4-8DD7-4A76-9E73-6A7F6EEF71CF}.Release|x86.Build.0 = Release|Any CPU
		{C63C4C72-4C7C-4311-A3C3-BA5E4A023A0E}.Debug|Any CPU.ActiveCfg = Debug|Any CPU
		{C63C4C72-4C7C-4311-A3C3-BA5E4A023A0E}.Debug|Any CPU.Build.0 = Debug|Any CPU
		{C63C4C72-4C7C-4311-A3C3-BA5E4A023A0E}.Debug|ARM.ActiveCfg = Debug|Any CPU
		{C63C4C72-4C7C-4311-A3C3-BA5E4A023A0E}.Debug|ARM.Build.0 = Debug|Any CPU
		{C63C4C72-4C7C-4311-A3C3-BA5E4A023A0E}.Debug|x64.ActiveCfg = Debug|Any CPU
		{C63C4C72-4C7C-4311-A3C3-BA5E4A023A0E}.Debug|x64.Build.0 = Debug|Any CPU
		{C63C4C72-4C7C-4311-A3C3-BA5E4A023A0E}.Debug|x86.ActiveCfg = Debug|Any CPU
		{C63C4C72-4C7C-4311-A3C3-BA5E4A023A0E}.Debug|x86.Build.0 = Debug|Any CPU
		{C63C4C72-4C7C-4311-A3C3-BA5E4A023A0E}.Release|Any CPU.ActiveCfg = Release|Any CPU
		{C63C4C72-4C7C-4311-A3C3-BA5E4A023A0E}.Release|Any CPU.Build.0 = Release|Any CPU
		{C63C4C72-4C7C-4311-A3C3-BA5E4A023A0E}.Release|ARM.ActiveCfg = Release|Any CPU
		{C63C4C72-4C7C-4311-A3C3-BA5E4A023A0E}.Release|ARM.Build.0 = Release|Any CPU
		{C63C4C72-4C7C-4311-A3C3-BA5E4A023A0E}.Release|x64.ActiveCfg = Release|Any CPU
		{C63C4C72-4C7C-4311-A3C3-BA5E4A023A0E}.Release|x64.Build.0 = Release|Any CPU
		{C63C4C72-4C7C-4311-A3C3-BA5E4A023A0E}.Release|x86.ActiveCfg = Release|Any CPU
		{C63C4C72-4C7C-4311-A3C3-BA5E4A023A0E}.Release|x86.Build.0 = Release|Any CPU
		{46829D04-A0CC-46E3-B4AE-815B02FFC9AB}.Debug|Any CPU.ActiveCfg = Debug|x86
		{46829D04-A0CC-46E3-B4AE-815B02FFC9AB}.Debug|ARM.ActiveCfg = Debug|ARM
		{46829D04-A0CC-46E3-B4AE-815B02FFC9AB}.Debug|ARM.Build.0 = Debug|ARM
		{46829D04-A0CC-46E3-B4AE-815B02FFC9AB}.Debug|ARM.Deploy.0 = Debug|ARM
		{46829D04-A0CC-46E3-B4AE-815B02FFC9AB}.Debug|x64.ActiveCfg = Debug|x64
		{46829D04-A0CC-46E3-B4AE-815B02FFC9AB}.Debug|x64.Build.0 = Debug|x64
		{46829D04-A0CC-46E3-B4AE-815B02FFC9AB}.Debug|x64.Deploy.0 = Debug|x64
		{46829D04-A0CC-46E3-B4AE-815B02FFC9AB}.Debug|x86.ActiveCfg = Debug|x86
		{46829D04-A0CC-46E3-B4AE-815B02FFC9AB}.Debug|x86.Build.0 = Debug|x86
		{46829D04-A0CC-46E3-B4AE-815B02FFC9AB}.Debug|x86.Deploy.0 = Debug|x86
		{46829D04-A0CC-46E3-B4AE-815B02FFC9AB}.Release|Any CPU.ActiveCfg = Release|x86
		{46829D04-A0CC-46E3-B4AE-815B02FFC9AB}.Release|ARM.ActiveCfg = Release|ARM
		{46829D04-A0CC-46E3-B4AE-815B02FFC9AB}.Release|ARM.Build.0 = Release|ARM
		{46829D04-A0CC-46E3-B4AE-815B02FFC9AB}.Release|ARM.Deploy.0 = Release|ARM
		{46829D04-A0CC-46E3-B4AE-815B02FFC9AB}.Release|x64.ActiveCfg = Release|x64
		{46829D04-A0CC-46E3-B4AE-815B02FFC9AB}.Release|x64.Build.0 = Release|x64
		{46829D04-A0CC-46E3-B4AE-815B02FFC9AB}.Release|x64.Deploy.0 = Release|x64
		{46829D04-A0CC-46E3-B4AE-815B02FFC9AB}.Release|x86.ActiveCfg = Release|x86
		{46829D04-A0CC-46E3-B4AE-815B02FFC9AB}.Release|x86.Build.0 = Release|x86
		{46829D04-A0CC-46E3-B4AE-815B02FFC9AB}.Release|x86.Deploy.0 = Release|x86
	EndGlobalSection
	GlobalSection(SolutionProperties) = preSolution
		HideSolutionNode = FALSE
	EndGlobalSection
	GlobalSection(ExtensibilityGlobals) = postSolution
		SolutionGuid = {8E52487E-30B2-411E-B2FE-985B1F9A7056}
	EndGlobalSection
EndGlobal
